
Microsoft Visual Studio Solution File, Format Version 12.00
# Visual Studio Version 16
VisualStudioVersion = 16.0.31515.178
MinimumVisualStudioVersion = 10.0.40219.1
Project("{FAE04EC0-301F-11D3-BF4B-00C04F79EFBC}") = "Demo-userdefineattributes", "Demo-userdefineattributes.csproj", "{1A0B3189-3ECA-4094-BC3C-FB9FE37C1395}"
EndProject
Global
	GlobalSection(SolutionConfigurationPlatforms) = preSolution
		Debug|Any CPU = Debug|Any CPU
		Release|Any CPU = Release|Any CPU
	EndGlobalSection
	GlobalSection(ProjectConfigurationPlatforms) = postSolution
		{1A0B3189-3ECA-4094-BC3C-FB9FE37C1395}.Debug|Any CPU.ActiveCfg = Debug|Any CPU
		{1A0B3189-3ECA-4094-BC3C-FB9FE37C1395}.Debug|Any CPU.Build.0 = Debug|Any CPU
		{1A0B3189-3ECA-4094-BC3C-FB9FE37C1395}.Release|Any CPU.ActiveCfg = Release|Any CPU
		{1A0B3189-3ECA-4094-BC3C-FB9FE37C1395}.Release|Any CPU.Build.0 = Release|Any CPU
	EndGlobalSection
	GlobalSection(SolutionProperties) = preSolution
		HideSolutionNode = FALSE
	EndGlobalSection
	GlobalSection(ExtensibilityGlobals) = postSolution
		SolutionGuid = {E1D29EC6-8AA9-453A-B10C-C4EFC8FC10A7}
	EndGlobalSection
EndGlobal
